// !$*UTF8*$!
{
	archiveVersion = 1;
	classes = {
	};
	objectVersion = 46;
	objects = {

/* Begin PBXBuildFile section */
		850BB9081EDF3A4500857E8E /* AppDelegate.swift in Sources */ = {isa = PBXBuildFile; fileRef = 850BB9071EDF3A4500857E8E /* AppDelegate.swift */; };
		850BB90A1EDF3A4500857E8E /* ViewController.swift in Sources */ = {isa = PBXBuildFile; fileRef = 850BB9091EDF3A4500857E8E /* ViewController.swift */; };
		850BB90D1EDF3A4500857E8E /* Main.storyboard in Resources */ = {isa = PBXBuildFile; fileRef = 850BB90B1EDF3A4500857E8E /* Main.storyboard */; };
		850BB90F1EDF3A4500857E8E /* Assets.xcassets in Resources */ = {isa = PBXBuildFile; fileRef = 850BB90E1EDF3A4500857E8E /* Assets.xcassets */; };
		850BB9121EDF3A4500857E8E /* LaunchScreen.storyboard in Resources */ = {isa = PBXBuildFile; fileRef = 850BB9101EDF3A4500857E8E /* LaunchScreen.storyboard */; };
		850BB91D1EDF3A4500857E8E /* KittensTests.swift in Sources */ = {isa = PBXBuildFile; fileRef = 850BB91C1EDF3A4500857E8E /* KittensTests.swift */; };
		850BB9281EDF3A4500857E8E /* KittensUITests.swift in Sources */ = {isa = PBXBuildFile; fileRef = 850BB9271EDF3A4500857E8E /* KittensUITests.swift */; };
/* End PBXBuildFile section */

/* Begin PBXContainerItemProxy section */
		850BB9191EDF3A4500857E8E /* PBXContainerItemProxy */ = {
			isa = PBXContainerItemProxy;
			containerPortal = 850BB8FC1EDF3A4400857E8E /* Project object */;
			proxyType = 1;
			remoteGlobalIDString = 850BB9031EDF3A4400857E8E;
			remoteInfo = Kittens;
		};
		850BB9241EDF3A4500857E8E /* PBXContainerItemProxy */ = {
			isa = PBXContainerItemProxy;
			containerPortal = 850BB8FC1EDF3A4400857E8E /* Project object */;
			proxyType = 1;
			remoteGlobalIDString = 850BB9031EDF3A4400857E8E;
			remoteInfo = Kittens;
		};
/* End PBXContainerItemProxy section */

/* Begin PBXFileReference section */
		850BB9041EDF3A4500857E8E /* Kittens.app */ = {isa = PBXFileReference; explicitFileType = wrapper.application; includeInIndex = 0; path = Kittens.app; sourceTree = BUILT_PRODUCTS_DIR; };
		850BB9071EDF3A4500857E8E /* AppDelegate.swift */ = {isa = PBXFileReference; lastKnownFileType = sourcecode.swift; path = AppDelegate.swift; sourceTree = "<group>"; };
		850BB9091EDF3A4500857E8E /* ViewController.swift */ = {isa = PBXFileReference; lastKnownFileType = sourcecode.swift; path = ViewController.swift; sourceTree = "<group>"; };
		850BB90C1EDF3A4500857E8E /* Base */ = {isa = PBXFileReference; lastKnownFileType = file.storyboard; name = Base; path = Base.lproj/Main.storyboard; sourceTree = "<group>"; };
		850BB90E1EDF3A4500857E8E /* Assets.xcassets */ = {isa = PBXFileReference; lastKnownFileType = folder.assetcatalog; path = Assets.xcassets; sourceTree = "<group>"; };
		850BB9111EDF3A4500857E8E /* Base */ = {isa = PBXFileReference; lastKnownFileType = file.storyboard; name = Base; path = Base.lproj/LaunchScreen.storyboard; sourceTree = "<group>"; };
		850BB9131EDF3A4500857E8E /* Info.plist */ = {isa = PBXFileReference; lastKnownFileType = text.plist.xml; path = Info.plist; sourceTree = "<group>"; };
		850BB9181EDF3A4500857E8E /* KittensTests.xctest */ = {isa = PBXFileReference; explicitFileType = wrapper.cfbundle; includeInIndex = 0; path = KittensTests.xctest; sourceTree = BUILT_PRODUCTS_DIR; };
		850BB91C1EDF3A4500857E8E /* KittensTests.swift */ = {isa = PBXFileReference; lastKnownFileType = sourcecode.swift; path = KittensTests.swift; sourceTree = "<group>"; };
		850BB91E1EDF3A4500857E8E /* Info.plist */ = {isa = PBXFileReference; lastKnownFileType = text.plist.xml; path = Info.plist; sourceTree = "<group>"; };
		850BB9231EDF3A4500857E8E /* KittensUITests.xctest */ = {isa = PBXFileReference; explicitFileType = wrapper.cfbundle; includeInIndex = 0; path = KittensUITests.xctest; sourceTree = BUILT_PRODUCTS_DIR; };
		850BB9271EDF3A4500857E8E /* KittensUITests.swift */ = {isa = PBXFileReference; lastKnownFileType = sourcecode.swift; path = KittensUITests.swift; sourceTree = "<group>"; };
		850BB9291EDF3A4500857E8E /* Info.plist */ = {isa = PBXFileReference; lastKnownFileType = text.plist.xml; path = Info.plist; sourceTree = "<group>"; };
/* End PBXFileReference section */

/* Begin PBXFrameworksBuildPhase section */
		850BB9011EDF3A4400857E8E /* Frameworks */ = {
			isa = PBXFrameworksBuildPhase;
			buildActionMask = 2147483647;
			files = (
			);
			runOnlyForDeploymentPostprocessing = 0;
		};
		850BB9151EDF3A4500857E8E /* Frameworks */ = {
			isa = PBXFrameworksBuildPhase;
			buildActionMask = 2147483647;
			files = (
			);
			runOnlyForDeploymentPostprocessing = 0;
		};
		850BB9201EDF3A4500857E8E /* Frameworks */ = {
			isa = PBXFrameworksBuildPhase;
			buildActionMask = 2147483647;
			files = (
			);
			runOnlyForDeploymentPostprocessing = 0;
		};
/* End PBXFrameworksBuildPhase section */

/* Begin PBXGroup section */
		850BB8FB1EDF3A4400857E8E = {
			isa = PBXGroup;
			children = (
				850BB9061EDF3A4500857E8E /* Kittens */,
				850BB91B1EDF3A4500857E8E /* KittensTests */,
				850BB9261EDF3A4500857E8E /* KittensUITests */,
				850BB9051EDF3A4500857E8E /* Products */,
			);
			sourceTree = "<group>";
		};
		850BB9051EDF3A4500857E8E /* Products */ = {
			isa = PBXGroup;
			children = (
				850BB9041EDF3A4500857E8E /* Kittens.app */,
				850BB9181EDF3A4500857E8E /* KittensTests.xctest */,
				850BB9231EDF3A4500857E8E /* KittensUITests.xctest */,
			);
			name = Products;
			sourceTree = "<group>";
		};
		850BB9061EDF3A4500857E8E /* Kittens */ = {
			isa = PBXGroup;
			children = (
				850BB9071EDF3A4500857E8E /* AppDelegate.swift */,
				850BB9091EDF3A4500857E8E /* ViewController.swift */,
				850BB90B1EDF3A4500857E8E /* Main.storyboard */,
				850BB90E1EDF3A4500857E8E /* Assets.xcassets */,
				850BB9101EDF3A4500857E8E /* LaunchScreen.storyboard */,
				850BB9131EDF3A4500857E8E /* Info.plist */,
			);
			path = Kittens;
			sourceTree = "<group>";
		};
		850BB91B1EDF3A4500857E8E /* KittensTests */ = {
			isa = PBXGroup;
			children = (
				850BB91C1EDF3A4500857E8E /* KittensTests.swift */,
				850BB91E1EDF3A4500857E8E /* Info.plist */,
			);
			path = KittensTests;
			sourceTree = "<group>";
		};
		850BB9261EDF3A4500857E8E /* KittensUITests */ = {
			isa = PBXGroup;
			children = (
				850BB9271EDF3A4500857E8E /* KittensUITests.swift */,
				850BB9291EDF3A4500857E8E /* Info.plist */,
			);
			path = KittensUITests;
			sourceTree = "<group>";
		};
/* End PBXGroup section */

/* Begin PBXNativeTarget section */
		850BB9031EDF3A4400857E8E /* Kittens */ = {
			isa = PBXNativeTarget;
			buildConfigurationList = 850BB92C1EDF3A4500857E8E /* Build configuration list for PBXNativeTarget "Kittens" */;
			buildPhases = (
				850BB9001EDF3A4400857E8E /* Sources */,
				850BB9011EDF3A4400857E8E /* Frameworks */,
				850BB9021EDF3A4400857E8E /* Resources */,
			);
			buildRules = (
			);
			dependencies = (
			);
			name = Kittens;
			productName = Kittens;
			productReference = 850BB9041EDF3A4500857E8E /* Kittens.app */;
			productType = "com.apple.product-type.application";
		};
		850BB9171EDF3A4500857E8E /* KittensTests */ = {
			isa = PBXNativeTarget;
			buildConfigurationList = 850BB92F1EDF3A4500857E8E /* Build configuration list for PBXNativeTarget "KittensTests" */;
			buildPhases = (
				850BB9141EDF3A4500857E8E /* Sources */,
				850BB9151EDF3A4500857E8E /* Frameworks */,
				850BB9161EDF3A4500857E8E /* Resources */,
			);
			buildRules = (
			);
			dependencies = (
				850BB91A1EDF3A4500857E8E /* PBXTargetDependency */,
			);
			name = KittensTests;
			productName = KittensTests;
			productReference = 850BB9181EDF3A4500857E8E /* KittensTests.xctest */;
			productType = "com.apple.product-type.bundle.unit-test";
		};
		850BB9221EDF3A4500857E8E /* KittensUITests */ = {
			isa = PBXNativeTarget;
			buildConfigurationList = 850BB9321EDF3A4500857E8E /* Build configuration list for PBXNativeTarget "KittensUITests" */;
			buildPhases = (
				850BB91F1EDF3A4500857E8E /* Sources */,
				850BB9201EDF3A4500857E8E /* Frameworks */,
				850BB9211EDF3A4500857E8E /* Resources */,
			);
			buildRules = (
			);
			dependencies = (
				850BB9251EDF3A4500857E8E /* PBXTargetDependency */,
			);
			name = KittensUITests;
			productName = KittensUITests;
			productReference = 850BB9231EDF3A4500857E8E /* KittensUITests.xctest */;
			productType = "com.apple.product-type.bundle.ui-testing";
		};
/* End PBXNativeTarget section */

/* Begin PBXProject section */
		850BB8FC1EDF3A4400857E8E /* Project object */ = {
			isa = PBXProject;
			attributes = {
				LastSwiftUpdateCheck = 0830;
				LastUpgradeCheck = 0830;
				ORGANIZATIONNAME = "Alex Johnson";
				TargetAttributes = {
					850BB9031EDF3A4400857E8E = {
						CreatedOnToolsVersion = 8.3;
						ProvisioningStyle = Automatic;
					};
					850BB9171EDF3A4500857E8E = {
						CreatedOnToolsVersion = 8.3;
						ProvisioningStyle = Automatic;
						TestTargetID = 850BB9031EDF3A4400857E8E;
					};
					850BB9221EDF3A4500857E8E = {
						CreatedOnToolsVersion = 8.3;
						ProvisioningStyle = Automatic;
						TestTargetID = 850BB9031EDF3A4400857E8E;
					};
				};
			};
			buildConfigurationList = 850BB8FF1EDF3A4400857E8E /* Build configuration list for PBXProject "Kittens" */;
			compatibilityVersion = "Xcode 3.2";
			developmentRegion = English;
			hasScannedForEncodings = 0;
			knownRegions = (
				en,
				Base,
			);
			mainGroup = 850BB8FB1EDF3A4400857E8E;
			productRefGroup = 850BB9051EDF3A4500857E8E /* Products */;
			projectDirPath = "";
			projectRoot = "";
			targets = (
				850BB9031EDF3A4400857E8E /* Kittens */,
				850BB9171EDF3A4500857E8E /* KittensTests */,
				850BB9221EDF3A4500857E8E /* KittensUITests */,
			);
		};
/* End PBXProject section */

/* Begin PBXResourcesBuildPhase section */
		850BB9021EDF3A4400857E8E /* Resources */ = {
			isa = PBXResourcesBuildPhase;
			buildActionMask = 2147483647;
			files = (
				850BB9121EDF3A4500857E8E /* LaunchScreen.storyboard in Resources */,
				850BB90F1EDF3A4500857E8E /* Assets.xcassets in Resources */,
				850BB90D1EDF3A4500857E8E /* Main.storyboard in Resources */,
			);
			runOnlyForDeploymentPostprocessing = 0;
		};
		850BB9161EDF3A4500857E8E /* Resources */ = {
			isa = PBXResourcesBuildPhase;
			buildActionMask = 2147483647;
			files = (
			);
			runOnlyForDeploymentPostprocessing = 0;
		};
		850BB9211EDF3A4500857E8E /* Resources */ = {
			isa = PBXResourcesBuildPhase;
			buildActionMask = 2147483647;
			files = (
			);
			runOnlyForDeploymentPostprocessing = 0;
		};
/* End PBXResourcesBuildPhase section */

/* Begin PBXSourcesBuildPhase section */
		850BB9001EDF3A4400857E8E /* Sources */ = {
			isa = PBXSourcesBuildPhase;
			buildActionMask = 2147483647;
			files = (
				850BB90A1EDF3A4500857E8E /* ViewController.swift in Sources */,
				850BB9081EDF3A4500857E8E /* AppDelegate.swift in Sources */,
			);
			runOnlyForDeploymentPostprocessing = 0;
		};
		850BB9141EDF3A4500857E8E /* Sources */ = {
			isa = PBXSourcesBuildPhase;
			buildActionMask = 2147483647;
			files = (
				850BB91D1EDF3A4500857E8E /* KittensTests.swift in Sources */,
			);
			runOnlyForDeploymentPostprocessing = 0;
		};
		850BB91F1EDF3A4500857E8E /* Sources */ = {
			isa = PBXSourcesBuildPhase;
			buildActionMask = 2147483647;
			files = (
				850BB9281EDF3A4500857E8E /* KittensUITests.swift in Sources */,
			);
			runOnlyForDeploymentPostprocessing = 0;
		};
/* End PBXSourcesBuildPhase section */

/* Begin PBXTargetDependency section */
		850BB91A1EDF3A4500857E8E /* PBXTargetDependency */ = {
			isa = PBXTargetDependency;
			target = 850BB9031EDF3A4400857E8E /* Kittens */;
			targetProxy = 850BB9191EDF3A4500857E8E /* PBXContainerItemProxy */;
		};
		850BB9251EDF3A4500857E8E /* PBXTargetDependency */ = {
			isa = PBXTargetDependency;
			target = 850BB9031EDF3A4400857E8E /* Kittens */;
			targetProxy = 850BB9241EDF3A4500857E8E /* PBXContainerItemProxy */;
		};
/* End PBXTargetDependency section */

/* Begin PBXVariantGroup section */
		850BB90B1EDF3A4500857E8E /* Main.storyboard */ = {
			isa = PBXVariantGroup;
			children = (
				850BB90C1EDF3A4500857E8E /* Base */,
			);
			name = Main.storyboard;
			sourceTree = "<group>";
		};
		850BB9101EDF3A4500857E8E /* LaunchScreen.storyboard */ = {
			isa = PBXVariantGroup;
			children = (
				850BB9111EDF3A4500857E8E /* Base */,
			);
			name = LaunchScreen.storyboard;
			sourceTree = "<group>";
		};
/* End PBXVariantGroup section */

/* Begin XCBuildConfiguration section */
		850BB92A1EDF3A4500857E8E /* Debug */ = {
			isa = XCBuildConfiguration;
			buildSettings = {
				ALWAYS_SEARCH_USER_PATHS = NO;
				CLANG_ANALYZER_NONNULL = YES;
				CLANG_ANALYZER_NUMBER_OBJECT_CONVERSION = YES_AGGRESSIVE;
				CLANG_CXX_LANGUAGE_STANDARD = "gnu++0x";
				CLANG_CXX_LIBRARY = "libc++";
				CLANG_ENABLE_MODULES = YES;
				CLANG_ENABLE_OBJC_ARC = YES;
				CLANG_WARN_BOOL_CONVERSION = YES;
				CLANG_WARN_CONSTANT_CONVERSION = YES;
				CLANG_WARN_DIRECT_OBJC_ISA_USAGE = YES_ERROR;
				CLANG_WARN_DOCUMENTATION_COMMENTS = YES;
				CLANG_WARN_EMPTY_BODY = YES;
				CLANG_WARN_ENUM_CONVERSION = YES;
				CLANG_WARN_INFINITE_RECURSION = YES;
				CLANG_WARN_INT_CONVERSION = YES;
				CLANG_WARN_OBJC_ROOT_CLASS = YES_ERROR;
				CLANG_WARN_SUSPICIOUS_MOVE = YES;
				CLANG_WARN_UNREACHABLE_CODE = YES;
				CLANG_WARN__DUPLICATE_METHOD_MATCH = YES;
				"CODE_SIGN_IDENTITY[sdk=iphoneos*]" = "iPhone Developer";
				COPY_PHASE_STRIP = NO;
				DEBUG_INFORMATION_FORMAT = dwarf;
				ENABLE_STRICT_OBJC_MSGSEND = YES;
				ENABLE_TESTABILITY = YES;
				GCC_C_LANGUAGE_STANDARD = gnu99;
				GCC_DYNAMIC_NO_PIC = NO;
				GCC_NO_COMMON_BLOCKS = YES;
				GCC_OPTIMIZATION_LEVEL = 0;
				GCC_PREPROCESSOR_DEFINITIONS = (
					"DEBUG=1",
					"$(inherited)",
				);
				GCC_WARN_64_TO_32_BIT_CONVERSION = YES;
				GCC_WARN_ABOUT_RETURN_TYPE = YES_ERROR;
				GCC_WARN_UNDECLARED_SELECTOR = YES;
				GCC_WARN_UNINITIALIZED_AUTOS = YES_AGGRESSIVE;
				GCC_WARN_UNUSED_FUNCTION = YES;
				GCC_WARN_UNUSED_VARIABLE = YES;
				IPHONEOS_DEPLOYMENT_TARGET = 10.3;
				MTL_ENABLE_DEBUG_INFO = YES;
				ONLY_ACTIVE_ARCH = YES;
				SDKROOT = iphoneos;
				SWIFT_ACTIVE_COMPILATION_CONDITIONS = DEBUG;
				SWIFT_OPTIMIZATION_LEVEL = "-Onone";
			};
			name = Debug;
		};
		850BB92B1EDF3A4500857E8E /* Release */ = {
			isa = XCBuildConfiguration;
			buildSettings = {
				ALWAYS_SEARCH_USER_PATHS = NO;
				CLANG_ANALYZER_NONNULL = YES;
				CLANG_ANALYZER_NUMBER_OBJECT_CONVERSION = YES_AGGRESSIVE;
				CLANG_CXX_LANGUAGE_STANDARD = "gnu++0x";
				CLANG_CXX_LIBRARY = "libc++";
				CLANG_ENABLE_MODULES = YES;
				CLANG_ENABLE_OBJC_ARC = YES;
				CLANG_WARN_BOOL_CONVERSION = YES;
				CLANG_WARN_CONSTANT_CONVERSION = YES;
				CLANG_WARN_DIRECT_OBJC_ISA_USAGE = YES_ERROR;
				CLANG_WARN_DOCUMENTATION_COMMENTS = YES;
				CLANG_WARN_EMPTY_BODY = YES;
				CLANG_WARN_ENUM_CONVERSION = YES;
				CLANG_WARN_INFINITE_RECURSION = YES;
				CLANG_WARN_INT_CONVERSION = YES;
				CLANG_WARN_OBJC_ROOT_CLASS = YES_ERROR;
				CLANG_WARN_SUSPICIOUS_MOVE = YES;
				CLANG_WARN_UNREACHABLE_CODE = YES;
				CLANG_WARN__DUPLICATE_METHOD_MATCH = YES;
				"CODE_SIGN_IDENTITY[sdk=iphoneos*]" = "iPhone Developer";
				COPY_PHASE_STRIP = NO;
				DEBUG_INFORMATION_FORMAT = "dwarf-with-dsym";
				ENABLE_NS_ASSERTIONS = NO;
				ENABLE_STRICT_OBJC_MSGSEND = YES;
				GCC_C_LANGUAGE_STANDARD = gnu99;
				GCC_NO_COMMON_BLOCKS = YES;
				GCC_WARN_64_TO_32_BIT_CONVERSION = YES;
				GCC_WARN_ABOUT_RETURN_TYPE = YES_ERROR;
				GCC_WARN_UNDECLARED_SELECTOR = YES;
				GCC_WARN_UNINITIALIZED_AUTOS = YES_AGGRESSIVE;
				GCC_WARN_UNUSED_FUNCTION = YES;
				GCC_WARN_UNUSED_VARIABLE = YES;
				IPHONEOS_DEPLOYMENT_TARGET = 10.3;
				MTL_ENABLE_DEBUG_INFO = NO;
				SDKROOT = iphoneos;
				SWIFT_OPTIMIZATION_LEVEL = "-Owholemodule";
				VALIDATE_PRODUCT = YES;
			};
			name = Release;
		};
		850BB92D1EDF3A4500857E8E /* Debug */ = {
			isa = XCBuildConfiguration;
			buildSettings = {
				ASSETCATALOG_COMPILER_APPICON_NAME = AppIcon;
				INFOPLIST_FILE = Kittens/Info.plist;
				LD_RUNPATH_SEARCH_PATHS = "$(inherited) @executable_path/Frameworks";
				PRODUCT_BUNDLE_IDENTIFIER = com.oneclick.Kittens;
				PRODUCT_NAME = "$(TARGET_NAME)";
				SWIFT_VERSION = 3.0;
			};
			name = Debug;
		};
		850BB92E1EDF3A4500857E8E /* Release */ = {
			isa = XCBuildConfiguration;
			buildSettings = {
				ASSETCATALOG_COMPILER_APPICON_NAME = AppIcon;
				INFOPLIST_FILE = Kittens/Info.plist;
				LD_RUNPATH_SEARCH_PATHS = "$(inherited) @executable_path/Frameworks";
				PRODUCT_BUNDLE_IDENTIFIER = com.oneclick.Kittens;
				PRODUCT_NAME = "$(TARGET_NAME)";
				SWIFT_VERSION = 3.0;
			};
			name = Release;
		};
		850BB9301EDF3A4500857E8E /* Debug */ = {
			isa = XCBuildConfiguration;
			buildSettings = {
				ALWAYS_EMBED_SWIFT_STANDARD_LIBRARIES = YES;
				BUNDLE_LOADER = "$(TEST_HOST)";
				INFOPLIST_FILE = KittensTests/Info.plist;
				LD_RUNPATH_SEARCH_PATHS = "$(inherited) @executable_path/Frameworks @loader_path/Frameworks";
				PRODUCT_BUNDLE_IDENTIFIER = com.oneclick.KittensTests;
				PRODUCT_NAME = "$(TARGET_NAME)";
				SWIFT_VERSION = 3.0;
				TEST_HOST = "$(BUILT_PRODUCTS_DIR)/Kittens.app/Kittens";
			};
			name = Debug;
		};
		850BB9311EDF3A4500857E8E /* Release */ = {
			isa = XCBuildConfiguration;
			buildSettings = {
				ALWAYS_EMBED_SWIFT_STANDARD_LIBRARIES = YES;
				BUNDLE_LOADER = "$(TEST_HOST)";
				INFOPLIST_FILE = KittensTests/Info.plist;
				LD_RUNPATH_SEARCH_PATHS = "$(inherited) @executable_path/Frameworks @loader_path/Frameworks";
				PRODUCT_BUNDLE_IDENTIFIER = com.oneclick.KittensTests;
				PRODUCT_NAME = "$(TARGET_NAME)";
				SWIFT_VERSION = 3.0;
				TEST_HOST = "$(BUILT_PRODUCTS_DIR)/Kittens.app/Kittens";
			};
			name = Release;
		};
		850BB9331EDF3A4500857E8E /* Debug */ = {
			isa = XCBuildConfiguration;
			buildSettings = {
				ALWAYS_EMBED_SWIFT_STANDARD_LIBRARIES = YES;
				INFOPLIST_FILE = KittensUITests/Info.plist;
				LD_RUNPATH_SEARCH_PATHS = "$(inherited) @executable_path/Frameworks @loader_path/Frameworks";
				PRODUCT_BUNDLE_IDENTIFIER = com.oneclick.KittensUITests;
				PRODUCT_NAME = "$(TARGET_NAME)";
				SWIFT_VERSION = 3.0;
				TEST_TARGET_NAME = Kittens;
			};
			name = Debug;
		};
		850BB9341EDF3A4500857E8E /* Release */ = {
			isa = XCBuildConfiguration;
			buildSettings = {
				ALWAYS_EMBED_SWIFT_STANDARD_LIBRARIES = YES;
				INFOPLIST_FILE = KittensUITests/Info.plist;
				LD_RUNPATH_SEARCH_PATHS = "$(inherited) @executable_path/Frameworks @loader_path/Frameworks";
				PRODUCT_BUNDLE_IDENTIFIER = com.oneclick.KittensUITests;
				PRODUCT_NAME = "$(TARGET_NAME)";
				SWIFT_VERSION = 3.0;
				TEST_TARGET_NAME = Kittens;
			};
			name = Release;
		};
/* End XCBuildConfiguration section */

/* Begin XCConfigurationList section */
		850BB8FF1EDF3A4400857E8E /* Build configuration list for PBXProject "Kittens" */ = {
			isa = XCConfigurationList;
			buildConfigurations = (
				850BB92A1EDF3A4500857E8E /* Debug */,
				850BB92B1EDF3A4500857E8E /* Release */,
			);
			defaultConfigurationIsVisible = 0;
			defaultConfigurationName = Release;
		};
		850BB92C1EDF3A4500857E8E /* Build configuration list for PBXNativeTarget "Kittens" */ = {
			isa = XCConfigurationList;
			buildConfigurations = (
				850BB92D1EDF3A4500857E8E /* Debug */,
				850BB92E1EDF3A4500857E8E /* Release */,
			);
			defaultConfigurationIsVisible = 0;
		};
		850BB92F1EDF3A4500857E8E /* Build configuration list for PBXNativeTarget "KittensTests" */ = {
			isa = XCConfigurationList;
			buildConfigurations = (
				850BB9301EDF3A4500857E8E /* Debug */,
				850BB9311EDF3A4500857E8E /* Release */,
			);
			defaultConfigurationIsVisible = 0;
		};
		850BB9321EDF3A4500857E8E /* Build configuration list for PBXNativeTarget "KittensUITests" */ = {
			isa = XCConfigurationList;
			buildConfigurations = (
				850BB9331EDF3A4500857E8E /* Debug */,
				850BB9341EDF3A4500857E8E /* Release */,
			);
			defaultConfigurationIsVisible = 0;
		};
/* End XCConfigurationList section */
	};
	rootObject = 850BB8FC1EDF3A4400857E8E /* Project object */;
}
